
Microsoft Visual Studio Solution File, Format Version 12.00
# Visual Studio Version 17
VisualStudioVersion = 17.2.32630.192
MinimumVisualStudioVersion = 10.0.40219.1
Project("{9A19103F-16F7-4668-BE54-9A1E7A4F7556}") = "CsgoDamageVisualizerDesktop", "CsgoDamageVisualizerDesktop\CsgoDamageVisualizerDesktop.csproj", "{0C399251-D5F5-4283-A676-47BD71437250}"
EndProject
Project("{9A19103F-16F7-4668-BE54-9A1E7A4F7556}") = "CsgoDamageVisualizerTests", "CsgoDamageVisualizerTests\CsgoDamageVisualizerTests.csproj", "{312D19A0-EACA-45DB-BF43-B2850E31C0FF}"
EndProject
Project("{9A19103F-16F7-4668-BE54-9A1E7A4F7556}") = "CsgoDamageVisualizerWeb", "CsgoDamageVisualizerWeb\CsgoDamageVisualizerWeb.csproj", "{B6D3520F-9955-485C-A3AD-10940528629C}"
EndProject
Project("{9A19103F-16F7-4668-BE54-9A1E7A4F7556}") = "CsgoDamageVisualizerCore", "CsgoDamageVisualizerCore\CsgoDamageVisualizerCore.csproj", "{D1544F3A-BC98-487B-AF77-282637D31105}"
EndProject
Project("{2150E333-8FDC-42A3-9474-1A3956D46DE8}") = "Projektmappenelemente", "Projektmappenelemente", "{BAA17428-4C80-4986-BA7A-841899077BA3}"
	ProjectSection(SolutionItems) = preProject
		dontDelete.txt = dontDelete.txt
	EndProjectSection
EndProject
Global
	GlobalSection(SolutionConfigurationPlatforms) = preSolution
		Debug|Any CPU = Debug|Any CPU
		Release|Any CPU = Release|Any CPU
	EndGlobalSection
	GlobalSection(ProjectConfigurationPlatforms) = postSolution
		{0C399251-D5F5-4283-A676-47BD71437250}.Debug|Any CPU.ActiveCfg = Debug|Any CPU
		{0C399251-D5F5-4283-A676-47BD71437250}.Debug|Any CPU.Build.0 = Debug|Any CPU
		{0C399251-D5F5-4283-A676-47BD71437250}.Release|Any CPU.ActiveCfg = Release|Any CPU
		{0C399251-D5F5-4283-A676-47BD71437250}.Release|Any CPU.Build.0 = Release|Any CPU
		{312D19A0-EACA-45DB-BF43-B2850E31C0FF}.Debug|Any CPU.ActiveCfg = Debug|Any CPU
		{312D19A0-EACA-45DB-BF43-B2850E31C0FF}.Debug|Any CPU.Build.0 = Debug|Any CPU
		{312D19A0-EACA-45DB-BF43-B2850E31C0FF}.Release|Any CPU.ActiveCfg = Release|Any CPU
		{312D19A0-EACA-45DB-BF43-B2850E31C0FF}.Release|Any CPU.Build.0 = Release|Any CPU
		{B6D3520F-9955-485C-A3AD-10940528629C}.Debug|Any CPU.ActiveCfg = Debug|Any CPU
		{B6D3520F-9955-485C-A3AD-10940528629C}.Debug|Any CPU.Build.0 = Debug|Any CPU
		{B6D3520F-9955-485C-A3AD-10940528629C}.Release|Any CPU.ActiveCfg = Release|Any CPU
		{B6D3520F-9955-485C-A3AD-10940528629C}.Release|Any CPU.Build.0 = Release|Any CPU
		{D1544F3A-BC98-487B-AF77-282637D31105}.Debug|Any CPU.ActiveCfg = Debug|Any CPU
		{D1544F3A-BC98-487B-AF77-282637D31105}.Debug|Any CPU.Build.0 = Debug|Any CPU
		{D1544F3A-BC98-487B-AF77-282637D31105}.Release|Any CPU.ActiveCfg = Release|Any CPU
		{D1544F3A-BC98-487B-AF77-282637D31105}.Release|Any CPU.Build.0 = Release|Any CPU
	EndGlobalSection
	GlobalSection(SolutionProperties) = preSolution
		HideSolutionNode = FALSE
	EndGlobalSection
	GlobalSection(ExtensibilityGlobals) = postSolution
		SolutionGuid = {491702F9-B29D-48D2-93C9-0A5DEB14D908}
	EndGlobalSection
EndGlobal
